# @generated - this file is auto-generated by `mise lock` https://mise.jdx.dev/dev-tools/mise-lock.html

[[tools.elixir]]
version = "1.16.2-otp-26"
backend = "core:elixir"

[tools.elixir."platforms.linux-arm64"]
checksum = "sha256:04ba8654bd3bfb63fb477af2eea32516792de80bd86822a823fa23d851350dc8"
url = "https://builds.hex.pm/builds/elixir/v1.16.2-otp-26.zip"

[tools.elixir."platforms.linux-arm64-musl"]
checksum = "sha256:04ba8654bd3bfb63fb477af2eea32516792de80bd86822a823fa23d851350dc8"
url = "https://builds.hex.pm/builds/elixir/v1.16.2-otp-26.zip"

[tools.elixir."platforms.linux-x64"]
checksum = "sha256:04ba8654bd3bfb63fb477af2eea32516792de80bd86822a823fa23d851350dc8"
url = "https://builds.hex.pm/builds/elixir/v1.16.2-otp-26.zip"

[tools.elixir."platforms.linux-x64-musl"]
checksum = "sha256:04ba8654bd3bfb63fb477af2eea32516792de80bd86822a823fa23d851350dc8"
url = "https://builds.hex.pm/builds/elixir/v1.16.2-otp-26.zip"

[tools.elixir."platforms.macos-arm64"]
checksum = "sha256:04ba8654bd3bfb63fb477af2eea32516792de80bd86822a823fa23d851350dc8"
url = "https://builds.hex.pm/builds/elixir/v1.16.2-otp-26.zip"

[tools.elixir."platforms.macos-x64"]
checksum = "sha256:04ba8654bd3bfb63fb477af2eea32516792de80bd86822a823fa23d851350dc8"
url = "https://builds.hex.pm/builds/elixir/v1.16.2-otp-26.zip"

[tools.elixir."platforms.windows-x64"]
checksum = "sha256:04ba8654bd3bfb63fb477af2eea32516792de80bd86822a823fa23d851350dc8"
url = "https://builds.hex.pm/builds/elixir/v1.16.2-otp-26.zip"

[[tools.erlang]]
version = "26.2.5"
backend = "core:erlang"

[tools.erlang."platforms.linux-arm64-musl"]
checksum = "blake3:8e44de5b73c08a525f6116421189ea9bcbdb9dadccc6950bc1dfec48fed2e2ea"
url = "https://github.com/erlang/otp/releases/download/OTP-26.2.5/otp_src_26.2.5.tar.gz"
url_api = "https://api.github.com/repos/erlang/otp/releases/assets/165606312"
install = "source"

[tools.erlang."platforms.linux-x64-musl"]
checksum = "blake3:8e44de5b73c08a525f6116421189ea9bcbdb9dadccc6950bc1dfec48fed2e2ea"
url = "https://github.com/erlang/otp/releases/download/OTP-26.2.5/otp_src_26.2.5.tar.gz"
url_api = "https://api.github.com/repos/erlang/otp/releases/assets/165606312"
install = "source"

[tools.erlang."platforms.macos-arm64"]
checksum = "blake3:1bcd2feaf42ee9946a7e6b5716f0ccb163995def29886ca57662e6b5d762a060"
url = "https://github.com/erlef/otp_builds/releases/download/OTP-26.2.5/otp-aarch64-apple-darwin.tar.gz"
url_api = "https://api.github.com/repos/erlef/otp_builds/releases/assets/201843622"

[tools.erlang."platforms.macos-x64"]
checksum = "blake3:6f331bc0354e93d492d0dc9e0aac902fddbb57f656d0f11f40c80b26df9af131"
url = "https://github.com/erlef/otp_builds/releases/download/OTP-26.2.5/otp-x86_64-apple-darwin.tar.gz"
url_api = "https://api.github.com/repos/erlef/otp_builds/releases/assets/201844566"

[tools.erlang."platforms.windows-x64"]
checksum = "blake3:bd7e05051901ae818c79f3076f4b4180825383244432929d27cbf30b6fa302aa"
url = "https://github.com/erlang/otp/releases/download/OTP-26.2.5/otp_win64_26.2.5.zip"
url_api = "https://api.github.com/repos/erlang/otp/releases/assets/192640708"

[[tools.erlang]]
version = "26.2.5"
backend = "core:erlang"

[tools.erlang.options]
precompiled_os = "ubuntu-22.04"

[tools.erlang."platforms.linux-arm64"]
checksum = "blake3:8e44de5b73c08a525f6116421189ea9bcbdb9dadccc6950bc1dfec48fed2e2ea"
url = "https://github.com/erlang/otp/releases/download/OTP-26.2.5/otp_src_26.2.5.tar.gz"
url_api = "https://api.github.com/repos/erlang/otp/releases/assets/165606312"
install = "source"

[tools.erlang."platforms.linux-x64"]
checksum = "blake3:8e44de5b73c08a525f6116421189ea9bcbdb9dadccc6950bc1dfec48fed2e2ea"
url = "https://github.com/erlang/otp/releases/download/OTP-26.2.5/otp_src_26.2.5.tar.gz"
url_api = "https://api.github.com/repos/erlang/otp/releases/assets/165606312"
install = "source"
